
Microsoft Visual Studio Solution File, Format Version 12.00
# Visual Studio Version 16
VisualStudioVersion = 16.0.30503.244
MinimumVisualStudioVersion = 10.0.40219.1
Project("{FAE04EC0-301F-11D3-BF4B-00C04F79EFBC}") = "test", "test\test.csproj", "{A61F3FF6-9F0A-4094-8234-67F3BEE382D9}"
EndProject
Global
	GlobalSection(SolutionConfigurationPlatforms) = preSolution
		Debug|Any CPU = Debug|Any CPU
		Release|Any CPU = Release|Any CPU
	EndGlobalSection
	GlobalSection(ProjectConfigurationPlatforms) = postSolution
		{A61F3FF6-9F0A-4094-8234-67F3BEE382D9}.Debug|Any CPU.ActiveCfg = Debug|Any CPU
		{A61F3FF6-9F0A-4094-8234-67F3BEE382D9}.Debug|Any CPU.Build.0 = Debug|Any CPU
		{A61F3FF6-9F0A-4094-8234-67F3BEE382D9}.Release|Any CPU.ActiveCfg = Release|Any CPU
		{A61F3FF6-9F0A-4094-8234-67F3BEE382D9}.Release|Any CPU.Build.0 = Release|Any CPU
	EndGlobalSection
	GlobalSection(SolutionProperties) = preSolution
		HideSolutionNode = FALSE
	EndGlobalSection
	GlobalSection(ExtensibilityGlobals) = postSolution
		SolutionGuid = {32E34A55-5D83-4B75-B356-F8031E337F38}
	EndGlobalSection
EndGlobal
